
Microsoft Visual Studio Solution File, Format Version 12.00
# Visual Studio Version 17
VisualStudioVersion = 17.7.34009.444
MinimumVisualStudioVersion = 10.0.40219.1
Project("{FAE04EC0-301F-11D3-BF4B-00C04F79EFBC}") = "ListaCursosAndroid", "ListaCursosAndroid\ListaCursosAndroid.csproj", "{154FE0A1-03FF-40AC-AB25-5A6727827AC1}"
EndProject
Global
	GlobalSection(SolutionConfigurationPlatforms) = preSolution
		Debug|Any CPU = Debug|Any CPU
		Release|Any CPU = Release|Any CPU
	EndGlobalSection
	GlobalSection(ProjectConfigurationPlatforms) = postSolution
		{154FE0A1-03FF-40AC-AB25-5A6727827AC1}.Debug|Any CPU.ActiveCfg = Debug|Any CPU
		{154FE0A1-03FF-40AC-AB25-5A6727827AC1}.Debug|Any CPU.Build.0 = Debug|Any CPU
		{154FE0A1-03FF-40AC-AB25-5A6727827AC1}.Debug|Any CPU.Deploy.0 = Debug|Any CPU
		{154FE0A1-03FF-40AC-AB25-5A6727827AC1}.Release|Any CPU.ActiveCfg = Release|Any CPU
		{154FE0A1-03FF-40AC-AB25-5A6727827AC1}.Release|Any CPU.Build.0 = Release|Any CPU
		{154FE0A1-03FF-40AC-AB25-5A6727827AC1}.Release|Any CPU.Deploy.0 = Release|Any CPU
	EndGlobalSection
	GlobalSection(SolutionProperties) = preSolution
		HideSolutionNode = FALSE
	EndGlobalSection
	GlobalSection(ExtensibilityGlobals) = postSolution
		SolutionGuid = {A528A192-1E8B-4D86-A4B2-E8A0D03D49D6}
	EndGlobalSection
EndGlobal
